// !$*UTF8*$!
{
	archiveVersion = 1;
	classes = {
	};
	objectVersion = 46;
	objects = {

/* Begin PBXBuildFile section */
		5DA9FB291E786B4600A33F37 /* AppDelegate.swift in Sources */ = {isa = PBXBuildFile; fileRef = 5DA9FB281E786B4600A33F37 /* AppDelegate.swift */; };
		5DA9FB2B1E786B4600A33F37 /* ViewController.swift in Sources */ = {isa = PBXBuildFile; fileRef = 5DA9FB2A1E786B4600A33F37 /* ViewController.swift */; };
		5DA9FB2E1E786B4600A33F37 /* Main.storyboard in Resources */ = {isa = PBXBuildFile; fileRef = 5DA9FB2C1E786B4600A33F37 /* Main.storyboard */; };
		5DA9FB301E786B4600A33F37 /* Assets.xcassets in Resources */ = {isa = PBXBuildFile; fileRef = 5DA9FB2F1E786B4600A33F37 /* Assets.xcassets */; };
		5DA9FB331E786B4600A33F37 /* LaunchScreen.storyboard in Resources */ = {isa = PBXBuildFile; fileRef = 5DA9FB311E786B4600A33F37 /* LaunchScreen.storyboard */; };
		5DA9FB3B1E786C1600A33F37 /* GoogleService-Info.plist in Resources */ = {isa = PBXBuildFile; fileRef = 5DA9FB3A1E786C1600A33F37 /* GoogleService-Info.plist */; };
		B1BA9EF0E84466CD7355BF8D /* Pods_FirefireExample.framework in Frameworks */ = {isa = PBXBuildFile; fileRef = 2E7897BECE282721BE6AF4EC /* Pods_FirefireExample.framework */; };
/* End PBXBuildFile section */

/* Begin PBXFileReference section */
		2E7897BECE282721BE6AF4EC /* Pods_FirefireExample.framework */ = {isa = PBXFileReference; explicitFileType = wrapper.framework; includeInIndex = 0; path = Pods_FirefireExample.framework; sourceTree = BUILT_PRODUCTS_DIR; };
		5DA9FB251E786B4600A33F37 /* FirefireExample.app */ = {isa = PBXFileReference; explicitFileType = wrapper.application; includeInIndex = 0; path = FirefireExample.app; sourceTree = BUILT_PRODUCTS_DIR; };
		5DA9FB281E786B4600A33F37 /* AppDelegate.swift */ = {isa = PBXFileReference; lastKnownFileType = sourcecode.swift; path = AppDelegate.swift; sourceTree = "<group>"; };
		5DA9FB2A1E786B4600A33F37 /* ViewController.swift */ = {isa = PBXFileReference; lastKnownFileType = sourcecode.swift; path = ViewController.swift; sourceTree = "<group>"; };
		5DA9FB2D1E786B4600A33F37 /* Base */ = {isa = PBXFileReference; lastKnownFileType = file.storyboard; name = Base; path = Base.lproj/Main.storyboard; sourceTree = "<group>"; };
		5DA9FB2F1E786B4600A33F37 /* Assets.xcassets */ = {isa = PBXFileReference; lastKnownFileType = folder.assetcatalog; path = Assets.xcassets; sourceTree = "<group>"; };
		5DA9FB321E786B4600A33F37 /* Base */ = {isa = PBXFileReference; lastKnownFileType = file.storyboard; name = Base; path = Base.lproj/LaunchScreen.storyboard; sourceTree = "<group>"; };
		5DA9FB341E786B4600A33F37 /* Info.plist */ = {isa = PBXFileReference; lastKnownFileType = text.plist.xml; path = Info.plist; sourceTree = "<group>"; };
		5DA9FB3A1E786C1600A33F37 /* GoogleService-Info.plist */ = {isa = PBXFileReference; fileEncoding = 4; lastKnownFileType = text.plist.xml; path = "GoogleService-Info.plist"; sourceTree = "<group>"; };
		DC1E85B0476F0C12BCBEF517 /* Pods-FirefireExample.release.xcconfig */ = {isa = PBXFileReference; includeInIndex = 1; lastKnownFileType = text.xcconfig; name = "Pods-FirefireExample.release.xcconfig"; path = "Pods/Target Support Files/Pods-FirefireExample/Pods-FirefireExample.release.xcconfig"; sourceTree = "<group>"; };
		EBC5B26FC81E709AD0A551D1 /* Pods-FirefireExample.debug.xcconfig */ = {isa = PBXFileReference; includeInIndex = 1; lastKnownFileType = text.xcconfig; name = "Pods-FirefireExample.debug.xcconfig"; path = "Pods/Target Support Files/Pods-FirefireExample/Pods-FirefireExample.debug.xcconfig"; sourceTree = "<group>"; };
/* End PBXFileReference section */

/* Begin PBXFrameworksBuildPhase section */
		5DA9FB221E786B4600A33F37 /* Frameworks */ = {
			isa = PBXFrameworksBuildPhase;
			buildActionMask = 2147483647;
			files = (
				B1BA9EF0E84466CD7355BF8D /* Pods_FirefireExample.framework in Frameworks */,
			);
			runOnlyForDeploymentPostprocessing = 0;
		};
/* End PBXFrameworksBuildPhase section */

/* Begin PBXGroup section */
		5DA9FB1C1E786B4600A33F37 = {
			isa = PBXGroup;
			children = (
				5DA9FB271E786B4600A33F37 /* FirefireExample */,
				5DA9FB261E786B4600A33F37 /* Products */,
				EBFC49885DF05F009F9D9125 /* Pods */,
				BBF8AAF4412718850419E485 /* Frameworks */,
			);
			sourceTree = "<group>";
		};
		5DA9FB261E786B4600A33F37 /* Products */ = {
			isa = PBXGroup;
			children = (
				5DA9FB251E786B4600A33F37 /* FirefireExample.app */,
			);
			name = Products;
			sourceTree = "<group>";
		};
		5DA9FB271E786B4600A33F37 /* FirefireExample */ = {
			isa = PBXGroup;
			children = (
				5DA9FB281E786B4600A33F37 /* AppDelegate.swift */,
				5DA9FB2A1E786B4600A33F37 /* ViewController.swift */,
				5DA9FB2C1E786B4600A33F37 /* Main.storyboard */,
				5DA9FB2F1E786B4600A33F37 /* Assets.xcassets */,
				5DA9FB311E786B4600A33F37 /* LaunchScreen.storyboard */,
				5DA9FB3A1E786C1600A33F37 /* GoogleService-Info.plist */,
				5DA9FB341E786B4600A33F37 /* Info.plist */,
			);
			path = FirefireExample;
			sourceTree = "<group>";
		};
		BBF8AAF4412718850419E485 /* Frameworks */ = {
			isa = PBXGroup;
			children = (
				2E7897BECE282721BE6AF4EC /* Pods_FirefireExample.framework */,
			);
			name = Frameworks;
			sourceTree = "<group>";
		};
		EBFC49885DF05F009F9D9125 /* Pods */ = {
			isa = PBXGroup;
			children = (
				EBC5B26FC81E709AD0A551D1 /* Pods-FirefireExample.debug.xcconfig */,
				DC1E85B0476F0C12BCBEF517 /* Pods-FirefireExample.release.xcconfig */,
			);
			name = Pods;
			sourceTree = "<group>";
		};
/* End PBXGroup section */

/* Begin PBXNativeTarget section */
		5DA9FB241E786B4600A33F37 /* FirefireExample */ = {
			isa = PBXNativeTarget;
			buildConfigurationList = 5DA9FB371E786B4600A33F37 /* Build configuration list for PBXNativeTarget "FirefireExample" */;
			buildPhases = (
				2C411FBDF03332FA60386A25 /* [CP] Check Pods Manifest.lock */,
				5DA9FB211E786B4600A33F37 /* Sources */,
				5DA9FB221E786B4600A33F37 /* Frameworks */,
				5DA9FB231E786B4600A33F37 /* Resources */,
				3D725A350AE51662DB3AE2E4 /* [CP] Embed Pods Frameworks */,
				1EF09EEE5F20039F3AD759FE /* [CP] Copy Pods Resources */,
			);
			buildRules = (
			);
			dependencies = (
			);
			name = FirefireExample;
			productName = FirefireExample;
			productReference = 5DA9FB251E786B4600A33F37 /* FirefireExample.app */;
			productType = "com.apple.product-type.application";
		};
/* End PBXNativeTarget section */

/* Begin PBXProject section */
		5DA9FB1D1E786B4600A33F37 /* Project object */ = {
			isa = PBXProject;
			attributes = {
				LastSwiftUpdateCheck = 0820;
				LastUpgradeCheck = 0820;
				ORGANIZATIONNAME = COM;
				TargetAttributes = {
					5DA9FB241E786B4600A33F37 = {
						CreatedOnToolsVersion = 8.2.1;
						DevelopmentTeam = 8Z8X9YVPSZ;
						ProvisioningStyle = Automatic;
					};
				};
			};
			buildConfigurationList = 5DA9FB201E786B4600A33F37 /* Build configuration list for PBXProject "FirefireExample" */;
			compatibilityVersion = "Xcode 3.2";
			developmentRegion = English;
			hasScannedForEncodings = 0;
			knownRegions = (
				en,
				Base,
			);
			mainGroup = 5DA9FB1C1E786B4600A33F37;
			productRefGroup = 5DA9FB261E786B4600A33F37 /* Products */;
			projectDirPath = "";
			projectRoot = "";
			targets = (
				5DA9FB241E786B4600A33F37 /* FirefireExample */,
			);
		};
/* End PBXProject section */

/* Begin PBXResourcesBuildPhase section */
		5DA9FB231E786B4600A33F37 /* Resources */ = {
			isa = PBXResourcesBuildPhase;
			buildActionMask = 2147483647;
			files = (
				5DA9FB331E786B4600A33F37 /* LaunchScreen.storyboard in Resources */,
				5DA9FB3B1E786C1600A33F37 /* GoogleService-Info.plist in Resources */,
				5DA9FB301E786B4600A33F37 /* Assets.xcassets in Resources */,
				5DA9FB2E1E786B4600A33F37 /* Main.storyboard in Resources */,
			);
			runOnlyForDeploymentPostprocessing = 0;
		};
/* End PBXResourcesBuildPhase section */

/* Begin PBXShellScriptBuildPhase section */
		1EF09EEE5F20039F3AD759FE /* [CP] Copy Pods Resources */ = {
			isa = PBXShellScriptBuildPhase;
			buildActionMask = 2147483647;
			files = (
			);
			inputPaths = (
			);
			name = "[CP] Copy Pods Resources";
			outputPaths = (
			);
			runOnlyForDeploymentPostprocessing = 0;
			shellPath = /bin/sh;
			shellScript = "\"${SRCROOT}/Pods/Target Support Files/Pods-FirefireExample/Pods-FirefireExample-resources.sh\"\n";
			showEnvVarsInLog = 0;
		};
		2C411FBDF03332FA60386A25 /* [CP] Check Pods Manifest.lock */ = {
			isa = PBXShellScriptBuildPhase;
			buildActionMask = 2147483647;
			files = (
			);
			inputPaths = (
			);
			name = "[CP] Check Pods Manifest.lock";
			outputPaths = (
			);
			runOnlyForDeploymentPostprocessing = 0;
			shellPath = /bin/sh;
			shellScript = "diff \"${PODS_ROOT}/../Podfile.lock\" \"${PODS_ROOT}/Manifest.lock\" > /dev/null\nif [[ $? != 0 ]] ; then\n    cat << EOM\nerror: The sandbox is not in sync with the Podfile.lock. Run 'pod install' or update your CocoaPods installation.\nEOM\n    exit 1\nfi\n";
			showEnvVarsInLog = 0;
		};
		3D725A350AE51662DB3AE2E4 /* [CP] Embed Pods Frameworks */ = {
			isa = PBXShellScriptBuildPhase;
			buildActionMask = 2147483647;
			files = (
			);
			inputPaths = (
			);
			name = "[CP] Embed Pods Frameworks";
			outputPaths = (
			);
			runOnlyForDeploymentPostprocessing = 0;
			shellPath = /bin/sh;
			shellScript = "\"${SRCROOT}/Pods/Target Support Files/Pods-FirefireExample/Pods-FirefireExample-frameworks.sh\"\n";
			showEnvVarsInLog = 0;
		};
/* End PBXShellScriptBuildPhase section */

/* Begin PBXSourcesBuildPhase section */
		5DA9FB211E786B4600A33F37 /* Sources */ = {
			isa = PBXSourcesBuildPhase;
			buildActionMask = 2147483647;
			files = (
				5DA9FB2B1E786B4600A33F37 /* ViewController.swift in Sources */,
				5DA9FB291E786B4600A33F37 /* AppDelegate.swift in Sources */,
			);
			runOnlyForDeploymentPostprocessing = 0;
		};
/* End PBXSourcesBuildPhase section */

/* Begin PBXVariantGroup section */
		5DA9FB2C1E786B4600A33F37 /* Main.storyboard */ = {
			isa = PBXVariantGroup;
			children = (
				5DA9FB2D1E786B4600A33F37 /* Base */,
			);
			name = Main.storyboard;
			sourceTree = "<group>";
		};
		5DA9FB311E786B4600A33F37 /* LaunchScreen.storyboard */ = {
			isa = PBXVariantGroup;
			children = (
				5DA9FB321E786B4600A33F37 /* Base */,
			);
			name = LaunchScreen.storyboard;
			sourceTree = "<group>";
		};
/* End PBXVariantGroup section */

/* Begin XCBuildConfiguration section */
		5DA9FB351E786B4600A33F37 /* Debug */ = {
			isa = XCBuildConfiguration;
			buildSettings = {
				ALWAYS_SEARCH_USER_PATHS = NO;
				CLANG_ANALYZER_NONNULL = YES;
				CLANG_CXX_LANGUAGE_STANDARD = "gnu++0x";
				CLANG_CXX_LIBRARY = "libc++";
				CLANG_ENABLE_MODULES = YES;
				CLANG_ENABLE_OBJC_ARC = YES;
				CLANG_WARN_BOOL_CONVERSION = YES;
				CLANG_WARN_CONSTANT_CONVERSION = YES;
				CLANG_WARN_DIRECT_OBJC_ISA_USAGE = YES_ERROR;
				CLANG_WARN_DOCUMENTATION_COMMENTS = YES;
				CLANG_WARN_EMPTY_BODY = YES;
				CLANG_WARN_ENUM_CONVERSION = YES;
				CLANG_WARN_INFINITE_RECURSION = YES;
				CLANG_WARN_INT_CONVERSION = YES;
				CLANG_WARN_OBJC_ROOT_CLASS = YES_ERROR;
				CLANG_WARN_SUSPICIOUS_MOVE = YES;
				CLANG_WARN_UNREACHABLE_CODE = YES;
				CLANG_WARN__DUPLICATE_METHOD_MATCH = YES;
				"CODE_SIGN_IDENTITY[sdk=iphoneos*]" = "iPhone Developer";
				COPY_PHASE_STRIP = NO;
				DEBUG_INFORMATION_FORMAT = dwarf;
				ENABLE_STRICT_OBJC_MSGSEND = YES;
				ENABLE_TESTABILITY = YES;
				GCC_C_LANGUAGE_STANDARD = gnu99;
				GCC_DYNAMIC_NO_PIC = NO;
				GCC_NO_COMMON_BLOCKS = YES;
				GCC_OPTIMIZATION_LEVEL = 0;
				GCC_PREPROCESSOR_DEFINITIONS = (
					"DEBUG=1",
					"$(inherited)",
				);
				GCC_WARN_64_TO_32_BIT_CONVERSION = YES;
				GCC_WARN_ABOUT_RETURN_TYPE = YES_ERROR;
				GCC_WARN_UNDECLARED_SELECTOR = YES;
				GCC_WARN_UNINITIALIZED_AUTOS = YES_AGGRESSIVE;
				GCC_WARN_UNUSED_FUNCTION = YES;
				GCC_WARN_UNUSED_VARIABLE = YES;
				IPHONEOS_DEPLOYMENT_TARGET = 10.2;
				MTL_ENABLE_DEBUG_INFO = YES;
				ONLY_ACTIVE_ARCH = YES;
				SDKROOT = iphoneos;
				SWIFT_ACTIVE_COMPILATION_CONDITIONS = DEBUG;
				SWIFT_OPTIMIZATION_LEVEL = "-Onone";
				TARGETED_DEVICE_FAMILY = "1,2";
			};
			name = Debug;
		};
		5DA9FB361E786B4600A33F37 /* Release */ = {
			isa = XCBuildConfiguration;
			buildSettings = {
				ALWAYS_SEARCH_USER_PATHS = NO;
				CLANG_ANALYZER_NONNULL = YES;
				CLANG_CXX_LANGUAGE_STANDARD = "gnu++0x";
				CLANG_CXX_LIBRARY = "libc++";
				CLANG_ENABLE_MODULES = YES;
				CLANG_ENABLE_OBJC_ARC = YES;
				CLANG_WARN_BOOL_CONVERSION = YES;
				CLANG_WARN_CONSTANT_CONVERSION = YES;
				CLANG_WARN_DIRECT_OBJC_ISA_USAGE = YES_ERROR;
				CLANG_WARN_DOCUMENTATION_COMMENTS = YES;
				CLANG_WARN_EMPTY_BODY = YES;
				CLANG_WARN_ENUM_CONVERSION = YES;
				CLANG_WARN_INFINITE_RECURSION = YES;
				CLANG_WARN_INT_CONVERSION = YES;
				CLANG_WARN_OBJC_ROOT_CLASS = YES_ERROR;
				CLANG_WARN_SUSPICIOUS_MOVE = YES;
				CLANG_WARN_UNREACHABLE_CODE = YES;
				CLANG_WARN__DUPLICATE_METHOD_MATCH = YES;
				"CODE_SIGN_IDENTITY[sdk=iphoneos*]" = "iPhone Developer";
				COPY_PHASE_STRIP = NO;
				DEBUG_INFORMATION_FORMAT = "dwarf-with-dsym";
				ENABLE_NS_ASSERTIONS = NO;
				ENABLE_STRICT_OBJC_MSGSEND = YES;
				GCC_C_LANGUAGE_STANDARD = gnu99;
				GCC_NO_COMMON_BLOCKS = YES;
				GCC_WARN_64_TO_32_BIT_CONVERSION = YES;
				GCC_WARN_ABOUT_RETURN_TYPE = YES_ERROR;
				GCC_WARN_UNDECLARED_SELECTOR = YES;
				GCC_WARN_UNINITIALIZED_AUTOS = YES_AGGRESSIVE;
				GCC_WARN_UNUSED_FUNCTION = YES;
				GCC_WARN_UNUSED_VARIABLE = YES;
				IPHONEOS_DEPLOYMENT_TARGET = 10.2;
				MTL_ENABLE_DEBUG_INFO = NO;
				SDKROOT = iphoneos;
				SWIFT_OPTIMIZATION_LEVEL = "-Owholemodule";
				TARGETED_DEVICE_FAMILY = "1,2";
				VALIDATE_PRODUCT = YES;
			};
			name = Release;
		};
		5DA9FB381E786B4600A33F37 /* Debug */ = {
			isa = XCBuildConfiguration;
			baseConfigurationReference = EBC5B26FC81E709AD0A551D1 /* Pods-FirefireExample.debug.xcconfig */;
			buildSettings = {
				ASSETCATALOG_COMPILER_APPICON_NAME = AppIcon;
				DEVELOPMENT_TEAM = 8Z8X9YVPSZ;
				INFOPLIST_FILE = FirefireExample/Info.plist;
				LD_RUNPATH_SEARCH_PATHS = "$(inherited) @executable_path/Frameworks";
				PRODUCT_BUNDLE_IDENTIFIER = io.com.FirefireExample;
				PRODUCT_NAME = "$(TARGET_NAME)";
				SWIFT_VERSION = 3.0;
			};
			name = Debug;
		};
		5DA9FB391E786B4600A33F37 /* Release */ = {
			isa = XCBuildConfiguration;
			baseConfigurationReference = DC1E85B0476F0C12BCBEF517 /* Pods-FirefireExample.release.xcconfig */;
			buildSettings = {
				ASSETCATALOG_COMPILER_APPICON_NAME = AppIcon;
				DEVELOPMENT_TEAM = 8Z8X9YVPSZ;
				INFOPLIST_FILE = FirefireExample/Info.plist;
				LD_RUNPATH_SEARCH_PATHS = "$(inherited) @executable_path/Frameworks";
				PRODUCT_BUNDLE_IDENTIFIER = io.com.FirefireExample;
				PRODUCT_NAME = "$(TARGET_NAME)";
				SWIFT_VERSION = 3.0;
			};
			name = Release;
		};
/* End XCBuildConfiguration section */

/* Begin XCConfigurationList section */
		5DA9FB201E786B4600A33F37 /* Build configuration list for PBXProject "FirefireExample" */ = {
			isa = XCConfigurationList;
			buildConfigurations = (
				5DA9FB351E786B4600A33F37 /* Debug */,
				5DA9FB361E786B4600A33F37 /* Release */,
			);
			defaultConfigurationIsVisible = 0;
			defaultConfigurationName = Release;
		};
		5DA9FB371E786B4600A33F37 /* Build configuration list for PBXNativeTarget "FirefireExample" */ = {
			isa = XCConfigurationList;
			buildConfigurations = (
				5DA9FB381E786B4600A33F37 /* Debug */,
				5DA9FB391E786B4600A33F37 /* Release */,
			);
			defaultConfigurationIsVisible = 0;
			defaultConfigurationName = Release;
		};
/* End XCConfigurationList section */
	};
	rootObject = 5DA9FB1D1E786B4600A33F37 /* Project object */;
}
